
Microsoft Visual Studio Solution File, Format Version 12.00
# Visual Studio 15
VisualStudioVersion = 15.0.27428.2037
MinimumVisualStudioVersion = 10.0.40219.1
Project("{FAE04EC0-301F-11D3-BF4B-00C04F79EFBC}") = "GTAPilot", "GTAPilot.csproj", "{038DB93C-2F40-4746-8847-5838C27CF459}"
EndProject
Global
	GlobalSection(SolutionConfigurationPlatforms) = preSolution
		Debug|Any CPU = Debug|Any CPU
		Debug|x64 = Debug|x64
		Release|Any CPU = Release|Any CPU
		Release|x64 = Release|x64
	EndGlobalSection
	GlobalSection(ProjectConfigurationPlatforms) = postSolution
		{038DB93C-2F40-4746-8847-5838C27CF459}.Debug|Any CPU.ActiveCfg = Debug|Any CPU
		{038DB93C-2F40-4746-8847-5838C27CF459}.Debug|Any CPU.Build.0 = Debug|Any CPU
		{038DB93C-2F40-4746-8847-5838C27CF459}.Debug|x64.ActiveCfg = Debug|x64
		{038DB93C-2F40-4746-8847-5838C27CF459}.Debug|x64.Build.0 = Debug|x64
		{038DB93C-2F40-4746-8847-5838C27CF459}.Release|Any CPU.ActiveCfg = Release|Any CPU
		{038DB93C-2F40-4746-8847-5838C27CF459}.Release|Any CPU.Build.0 = Release|Any CPU
		{038DB93C-2F40-4746-8847-5838C27CF459}.Release|x64.ActiveCfg = Release|x64
		{038DB93C-2F40-4746-8847-5838C27CF459}.Release|x64.Build.0 = Release|x64
	EndGlobalSection
	GlobalSection(SolutionProperties) = preSolution
		HideSolutionNode = FALSE
	EndGlobalSection
	GlobalSection(ExtensibilityGlobals) = postSolution
		SolutionGuid = {A1F03C5F-EDD8-4C86-BB79-410DD9E9EBE4}
	EndGlobalSection
EndGlobal
